
Microsoft Visual Studio Solution File, Format Version 12.00
# Visual Studio 15
Project("{FAE04EC0-301F-11D3-BF4B-00C04F79EFBC}") = "CSharpSimpleRayTracer", "CSharpSimpleRayTracer\CSharpSimpleRayTracer.csproj", "{1F22405B-5E34-4F7B-96B8-290EDF561C71}"
EndProject
Project("{FAE04EC0-301F-11D3-BF4B-00C04F79EFBC}") = "Tests", "Tests\Tests.csproj", "{1C1F2D07-9625-4817-B49A-E77696B97ACF}"
EndProject
Global
	GlobalSection(SolutionConfigurationPlatforms) = preSolution
		Debug|Any CPU = Debug|Any CPU
		Release|Any CPU = Release|Any CPU
	EndGlobalSection
	GlobalSection(ProjectConfigurationPlatforms) = postSolution
		{1F22405B-5E34-4F7B-96B8-290EDF561C71}.Debug|Any CPU.ActiveCfg = Debug|Any CPU
		{1F22405B-5E34-4F7B-96B8-290EDF561C71}.Debug|Any CPU.Build.0 = Debug|Any CPU
		{1F22405B-5E34-4F7B-96B8-290EDF561C71}.Release|Any CPU.ActiveCfg = Release|Any CPU
		{1F22405B-5E34-4F7B-96B8-290EDF561C71}.Release|Any CPU.Build.0 = Release|Any CPU
		{1C1F2D07-9625-4817-B49A-E77696B97ACF}.Debug|Any CPU.ActiveCfg = Debug|Any CPU
		{1C1F2D07-9625-4817-B49A-E77696B97ACF}.Debug|Any CPU.Build.0 = Debug|Any CPU
		{1C1F2D07-9625-4817-B49A-E77696B97ACF}.Release|Any CPU.ActiveCfg = Release|Any CPU
		{1C1F2D07-9625-4817-B49A-E77696B97ACF}.Release|Any CPU.Build.0 = Release|Any CPU
	EndGlobalSection
EndGlobal
